
Microsoft Visual Studio Solution File, Format Version 12.00
# Visual Studio Version 17
VisualStudioVersion = 17.2.32516.85
MinimumVisualStudioVersion = 10.0.40219.1
Project("{FAE04EC0-301F-11D3-BF4B-00C04F79EFBC}") = "sampleprogram", "sampleprogram\sampleprogram.csproj", "{804FD3D4-9892-4B67-9743-589D99C60F14}"
EndProject
Global
	GlobalSection(SolutionConfigurationPlatforms) = preSolution
		Debug|Any CPU = Debug|Any CPU
		Release|Any CPU = Release|Any CPU
	EndGlobalSection
	GlobalSection(ProjectConfigurationPlatforms) = postSolution
		{804FD3D4-9892-4B67-9743-589D99C60F14}.Debug|Any CPU.ActiveCfg = Debug|Any CPU
		{804FD3D4-9892-4B67-9743-589D99C60F14}.Debug|Any CPU.Build.0 = Debug|Any CPU
		{804FD3D4-9892-4B67-9743-589D99C60F14}.Release|Any CPU.ActiveCfg = Release|Any CPU
		{804FD3D4-9892-4B67-9743-589D99C60F14}.Release|Any CPU.Build.0 = Release|Any CPU
	EndGlobalSection
	GlobalSection(SolutionProperties) = preSolution
		HideSolutionNode = FALSE
	EndGlobalSection
	GlobalSection(ExtensibilityGlobals) = postSolution
		SolutionGuid = {E33E555C-07E8-4BE6-8C22-41EDE1D64E43}
	EndGlobalSection
EndGlobal
